
Microsoft Visual Studio Solution File, Format Version 10.00
# Visual Studio 2008
Project("{FAE04EC0-301F-11D3-BF4B-00C04F79EFBC}") = "Gringotts", "Gringotts\Gringotts.csproj", "{28F84B47-F0E2-476F-8E40-05D89C8D3113}"
EndProject
Global
	GlobalSection(SolutionConfigurationPlatforms) = preSolution
		Debug|Any CPU = Debug|Any CPU
		Release|Any CPU = Release|Any CPU
	EndGlobalSection
	GlobalSection(ProjectConfigurationPlatforms) = postSolution
		{28F84B47-F0E2-476F-8E40-05D89C8D3113}.Debug|Any CPU.ActiveCfg = Debug|Any CPU
		{28F84B47-F0E2-476F-8E40-05D89C8D3113}.Debug|Any CPU.Build.0 = Debug|Any CPU
		{28F84B47-F0E2-476F-8E40-05D89C8D3113}.Release|Any CPU.ActiveCfg = Release|Any CPU
		{28F84B47-F0E2-476F-8E40-05D89C8D3113}.Release|Any CPU.Build.0 = Release|Any CPU
	EndGlobalSection
	GlobalSection(SolutionProperties) = preSolution
		HideSolutionNode = FALSE
	EndGlobalSection
EndGlobal
